
Microsoft Visual Studio Solution File, Format Version 12.00
# Visual Studio Version 17
VisualStudioVersion = 17.6.33815.320
MinimumVisualStudioVersion = 10.0.40219.1
Project("{FAE04EC0-301F-11D3-BF4B-00C04F79EFBC}") = "TrackingApp.Web", "TrackingApp.Web\TrackingApp.Web.csproj", "{C451BC05-AAC7-4F63-8E6A-522D7C9ECB4E}"
EndProject
Project("{FAE04EC0-301F-11D3-BF4B-00C04F79EFBC}") = "TrackingApp.Data", "TrackingApp.Data\TrackingApp.Data.csproj", "{7C21D521-34C2-4C6B-93B1-F4CD8A72CE00}"
EndProject
Project("{FAE04EC0-301F-11D3-BF4B-00C04F79EFBC}") = "TrackingApp.Application", "TrackingApp.Application\TrackingApp.Application.csproj", "{5024038C-E164-4D46-9FA5-BB7DA3E05EDC}"
EndProject
Global
	GlobalSection(SolutionConfigurationPlatforms) = preSolution
		Debug|Any CPU = Debug|Any CPU
		Release|Any CPU = Release|Any CPU
	EndGlobalSection
	GlobalSection(ProjectConfigurationPlatforms) = postSolution
		{C451BC05-AAC7-4F63-8E6A-522D7C9ECB4E}.Debug|Any CPU.ActiveCfg = Debug|Any CPU
		{C451BC05-AAC7-4F63-8E6A-522D7C9ECB4E}.Debug|Any CPU.Build.0 = Debug|Any CPU
		{C451BC05-AAC7-4F63-8E6A-522D7C9ECB4E}.Release|Any CPU.ActiveCfg = Release|Any CPU
		{C451BC05-AAC7-4F63-8E6A-522D7C9ECB4E}.Release|Any CPU.Build.0 = Release|Any CPU
		{7C21D521-34C2-4C6B-93B1-F4CD8A72CE00}.Debug|Any CPU.ActiveCfg = Debug|Any CPU
		{7C21D521-34C2-4C6B-93B1-F4CD8A72CE00}.Debug|Any CPU.Build.0 = Debug|Any CPU
		{7C21D521-34C2-4C6B-93B1-F4CD8A72CE00}.Release|Any CPU.ActiveCfg = Release|Any CPU
		{7C21D521-34C2-4C6B-93B1-F4CD8A72CE00}.Release|Any CPU.Build.0 = Release|Any CPU
		{5024038C-E164-4D46-9FA5-BB7DA3E05EDC}.Debug|Any CPU.ActiveCfg = Debug|Any CPU
		{5024038C-E164-4D46-9FA5-BB7DA3E05EDC}.Debug|Any CPU.Build.0 = Debug|Any CPU
		{5024038C-E164-4D46-9FA5-BB7DA3E05EDC}.Release|Any CPU.ActiveCfg = Release|Any CPU
		{5024038C-E164-4D46-9FA5-BB7DA3E05EDC}.Release|Any CPU.Build.0 = Release|Any CPU
	EndGlobalSection
	GlobalSection(SolutionProperties) = preSolution
		HideSolutionNode = FALSE
	EndGlobalSection
	GlobalSection(ExtensibilityGlobals) = postSolution
		SolutionGuid = {0F02702C-7851-4B32-A043-6D8873F9BE30}
	EndGlobalSection
EndGlobal
